<?xml version="1.0" encoding="utf-8"?>
<Project ToolsVersion="4.0" xmlns="http://schemas.microsoft.com/developer/msbuild/2003">
  <ItemGroup>
    <Filter Include="ソース ファイル">
      <UniqueIdentifier>{4FC737F1-C7A5-4376-A066-2A32D752A2FF}</UniqueIdentifier>
      <Extensions>cpp;c;cc;cxx;c++;cppm;ixx;def;odl;idl;hpj;bat;asm;asmx</Extensions>
    </Filter>
    <Filter Include="ヘッダー ファイル">
      <UniqueIdentifier>{93995380-89BD-4b04-88EB-625FBE52EBFB}</UniqueIdentifier>
      <Extensions>h;hh;hpp;hxx;h++;hm;inl;inc;ipp;xsd</Extensions>
    </Filter>
    <Filter Include="リソース ファイル">
      <UniqueIdentifier>{67DA6AB6-F800-4c08-8B7A-83BB121AAD01}</UniqueIdentifier>
      <Extensions>rc;ico;cur;bmp;dlg;rc2;rct;bin;rgs;gif;jpg;jpeg;jpe;resx;tiff;tif;png;wav;mfcribbon-ms</Extensions>
    </Filter>
    <Filter Include="ソース ファイル\entry">
      <UniqueIdentifier>{3a4f0e0f-2cf0-4ac6-9c60-0e48dad6b58c}</UniqueIdentifier>
    </Filter>
    <Filter Include="ソース ファイル\window">
      <UniqueIdentifier>{9e044672-d779-4a4a-812a-69bcfb1dde01}</UniqueIdentifier>
    </Filter>
    <Filter Include="ソース ファイル\directx">
      <UniqueIdentifier>{6218cf72-5497-42e8-9173-63cbb8ded30a}</UniqueIdentifier>
    </Filter>
  </ItemGroup>
  <ItemGroup>
    <ClCompile Include="entry.cpp">
      <Filter>ソース ファイル\entry</Filter>
    </ClCompile>
    <ClCompile Include="command_queu.cpp">
      <Filter>ソース ファイル\directx</Filter>
    </ClCompile>
    <ClCompile Include="device.cpp">
      <Filter>ソース ファイル\directx</Filter>
    </ClCompile>
    <ClCompile Include="DXGI.cpp">
      <Filter>ソース ファイル\directx</Filter>
    </ClCompile>
    <ClCompile Include="swap_chain.cpp">
      <Filter>ソース ファイル\directx</Filter>
    </ClCompile>
    <ClCompile Include="window.cpp">
      <Filter>ソース ファイル\window</Filter>
    </ClCompile>
  </ItemGroup>
  <ItemGroup>
    <ClInclude Include="window.h">
      <Filter>ソース ファイル\window</Filter>
    </ClInclude>
    <ClInclude Include="command_queu.h">
      <Filter>ソース ファイル\directx</Filter>
    </ClInclude>
    <ClInclude Include="device.h">
      <Filter>ソース ファイル\directx</Filter>
    </ClInclude>
    <ClInclude Include="DXGI.h">
      <Filter>ソース ファイル\directx</Filter>
    </ClInclude>
    <ClInclude Include="swap_chain.h">
      <Filter>ソース ファイル\directx</Filter>
    </ClInclude>
  </ItemGroup>
</Project>